{
  "name": "atiMobileTemplate",
  "version": "1.0.0",
  "lockfileVersion": 1,
  "requires": true,
  "dependencies": {
    "react-native-stopwatch-timer": {
      "version": "0.0.20",
      "resolved": "http://10.1.50.114:4873/react-native-stopwatch-timer/-/react-native-stopwatch-timer-0.0.20.tgz",
      "integrity": "sha1-G63rOw2NX/AgA9ONAYxqKxf7oAs="
    },
    "react-native-timer-countdown": {
      "version": "2.0.3",
      "resolved": "http://10.1.50.114:4873/react-native-timer-countdown/-/react-native-timer-countdown-2.0.3.tgz",
      "integrity": "sha512-sM3lGMCoY25ALaz/kaDbOrNtpyGXdkU3IBTxVE4iu3fYeXJU6R9OltNZKhKvst7MS4/2wPDC/AWMeq+eHPEKrw=="
    }
  }
}
